
Microsoft Visual Studio Solution File, Format Version 12.00
# Visual Studio Version 16
VisualStudioVersion = 16.0.31112.23
MinimumVisualStudioVersion = 10.0.40219.1
Project("{FAE04EC0-301F-11D3-BF4B-00C04F79EFBC}") = "YScanner", "YScanner\YScanner.csproj", "{5D6C6A0B-0AB9-499F-AD82-A750661CD8D1}"
EndProject
Project("{54435603-DBB4-11D2-8724-00A0C9A8B90C}") = "YScanner Setup", "YScanner Setup\YScanner Setup.vdproj", "{2A5DE5AE-5AC5-491C-A0B0-303B02CB5647}"
EndProject
Global
	GlobalSection(SolutionConfigurationPlatforms) = preSolution
		Debug|Any CPU = Debug|Any CPU
		Release|Any CPU = Release|Any CPU
	EndGlobalSection
	GlobalSection(ProjectConfigurationPlatforms) = postSolution
		{5D6C6A0B-0AB9-499F-AD82-A750661CD8D1}.Debug|Any CPU.ActiveCfg = Release|Any CPU
		{5D6C6A0B-0AB9-499F-AD82-A750661CD8D1}.Debug|Any CPU.Build.0 = Release|Any CPU
		{5D6C6A0B-0AB9-499F-AD82-A750661CD8D1}.Release|Any CPU.ActiveCfg = Release|Any CPU
		{5D6C6A0B-0AB9-499F-AD82-A750661CD8D1}.Release|Any CPU.Build.0 = Release|Any CPU
		{2A5DE5AE-5AC5-491C-A0B0-303B02CB5647}.Debug|Any CPU.ActiveCfg = Debug
		{2A5DE5AE-5AC5-491C-A0B0-303B02CB5647}.Release|Any CPU.ActiveCfg = Release
	EndGlobalSection
	GlobalSection(SolutionProperties) = preSolution
		HideSolutionNode = FALSE
	EndGlobalSection
	GlobalSection(ExtensibilityGlobals) = postSolution
		SolutionGuid = {2CFC4CF5-1E14-4426-B95D-B7D50509859E}
	EndGlobalSection
EndGlobal
